// !$*UTF8*$!
{
	archiveVersion = 1;
	classes = {
	};
	objectVersion = 46;
	objects = {

/* Begin PBXBuildFile section */
		B44AD80E1D251EFA00FE0CDA /* 6.mp4 in Resources */ = {isa = PBXBuildFile; fileRef = B44AD80B1D251EFA00FE0CDA /* 6.mp4 */; };
		B44AD80F1D251EFA00FE0CDA /* 8.mp4 in Resources */ = {isa = PBXBuildFile; fileRef = B44AD80C1D251EFA00FE0CDA /* 8.mp4 */; };
		B44AD8101D251EFA00FE0CDA /* 9.mp4 in Resources */ = {isa = PBXBuildFile; fileRef = B44AD80D1D251EFA00FE0CDA /* 9.mp4 */; };
		B44AD8121D25219300FE0CDA /* music.mp3 in Resources */ = {isa = PBXBuildFile; fileRef = B44AD8111D25219300FE0CDA /* music.mp3 */; };
		B472B29C1D22100200A8A16C /* 1.mp4 in Resources */ = {isa = PBXBuildFile; fileRef = B47DE1AF1D212ACC00B0D431 /* 1.mp4 */; };
		B472B29D1D22100200A8A16C /* 2.mp4 in Resources */ = {isa = PBXBuildFile; fileRef = B47DE1B01D212ACC00B0D431 /* 2.mp4 */; };
		B472B29E1D22100200A8A16C /* cc.mp4 in Resources */ = {isa = PBXBuildFile; fileRef = B47DE1B11D212ACC00B0D431 /* cc.mp4 */; };
		B472B29F1D22100200A8A16C /* xx.mp4 in Resources */ = {isa = PBXBuildFile; fileRef = B47DE1B21D212ACC00B0D431 /* xx.mp4 */; };
		B472B2AE1D2214E500A8A16C /* Charlie's Whistle.mp3 in Resources */ = {isa = PBXBuildFile; fileRef = B472B2A11D2214E500A8A16C /* Charlie's Whistle.mp3 */; };
		B472B2AF1D2214E500A8A16C /* music.plist in Resources */ = {isa = PBXBuildFile; fileRef = B472B2A21D2214E500A8A16C /* music.plist */; };
		B472B2B01D2214E500A8A16C /* mvlist in Resources */ = {isa = PBXBuildFile; fileRef = B472B2A31D2214E500A8A16C /* mvlist */; };
		B472B2B11D2214E500A8A16C /* qiege_back.png in Resources */ = {isa = PBXBuildFile; fileRef = B472B2A41D2214E500A8A16C /* qiege_back.png */; };
		B472B2B21D2214E500A8A16C /* qiege_huicen.mp4 in Resources */ = {isa = PBXBuildFile; fileRef = B472B2A51D2214E500A8A16C /* qiege_huicen.mp4 */; };
		B472B2B31D2214E500A8A16C /* qiege_pianwei.mp4 in Resources */ = {isa = PBXBuildFile; fileRef = B472B2A61D2214E500A8A16C /* qiege_pianwei.mp4 */; };
		B472B2B41D2214E500A8A16C /* qiege_pianweien.mp4 in Resources */ = {isa = PBXBuildFile; fileRef = B472B2A71D2214E500A8A16C /* qiege_pianweien.mp4 */; };
		B472B2B51D2214E500A8A16C /* qiege_yinying.png in Resources */ = {isa = PBXBuildFile; fileRef = B472B2A81D2214E500A8A16C /* qiege_yinying.png */; };
		B472B2B61D2214E500A8A16C /* qiegeLut.png in Resources */ = {isa = PBXBuildFile; fileRef = B472B2A91D2214E500A8A16C /* qiegeLut.png */; };
		B472B2B71D2214E500A8A16C /* ShaLaLa.mp3 in Resources */ = {isa = PBXBuildFile; fileRef = B472B2AA1D2214E500A8A16C /* ShaLaLa.mp3 */; };
		B472B2B81D2214E500A8A16C /* Twenty Three.mp3 in Resources */ = {isa = PBXBuildFile; fileRef = B472B2AB1D2214E500A8A16C /* Twenty Three.mp3 */; };
		B472B2B91D2214E500A8A16C /* xiaochenai.png in Resources */ = {isa = PBXBuildFile; fileRef = B472B2AC1D2214E500A8A16C /* xiaochenai.png */; };
		B472B2BA1D2214E500A8A16C /* 童玩.mp3 in Resources */ = {isa = PBXBuildFile; fileRef = B472B2AD1D2214E500A8A16C /* 童玩.mp3 */; };
		B472B2BD1D227E1900A8A16C /* YiPlayer.m in Sources */ = {isa = PBXBuildFile; fileRef = B472B2BC1D227E1900A8A16C /* YiPlayer.m */; };
		B472B2C21D2283AA00A8A16C /* WMPlayer.bundle in Resources */ = {isa = PBXBuildFile; fileRef = B472B2BF1D2283AA00A8A16C /* WMPlayer.bundle */; };
		B472B2C31D2283AA00A8A16C /* WMPlayer.m in Sources */ = {isa = PBXBuildFile; fileRef = B472B2C11D2283AA00A8A16C /* WMPlayer.m */; };
		B472B2E11D2284B000A8A16C /* LICENSE in Resources */ = {isa = PBXBuildFile; fileRef = B472B2C51D2284B000A8A16C /* LICENSE */; };
		B472B2E21D2284B000A8A16C /* MASCompositeConstraint.m in Sources */ = {isa = PBXBuildFile; fileRef = B472B2C81D2284B000A8A16C /* MASCompositeConstraint.m */; };
		B472B2E31D2284B000A8A16C /* MASConstraint.m in Sources */ = {isa = PBXBuildFile; fileRef = B472B2CB1D2284B000A8A16C /* MASConstraint.m */; };
		B472B2E41D2284B000A8A16C /* MASConstraintMaker.m in Sources */ = {isa = PBXBuildFile; fileRef = B472B2CD1D2284B000A8A16C /* MASConstraintMaker.m */; };
		B472B2E51D2284B000A8A16C /* MASLayoutConstraint.m in Sources */ = {isa = PBXBuildFile; fileRef = B472B2CF1D2284B000A8A16C /* MASLayoutConstraint.m */; };
		B472B2E61D2284B000A8A16C /* MASViewAttribute.m in Sources */ = {isa = PBXBuildFile; fileRef = B472B2D31D2284B000A8A16C /* MASViewAttribute.m */; };
		B472B2E71D2284B000A8A16C /* MASViewConstraint.m in Sources */ = {isa = PBXBuildFile; fileRef = B472B2D51D2284B000A8A16C /* MASViewConstraint.m */; };
		B472B2E81D2284B000A8A16C /* NSArray+MASAdditions.m in Sources */ = {isa = PBXBuildFile; fileRef = B472B2D71D2284B000A8A16C /* NSArray+MASAdditions.m */; };
		B472B2E91D2284B000A8A16C /* NSLayoutConstraint+MASDebugAdditions.m in Sources */ = {isa = PBXBuildFile; fileRef = B472B2DA1D2284B000A8A16C /* NSLayoutConstraint+MASDebugAdditions.m */; };
		B472B2EA1D2284B000A8A16C /* View+MASAdditions.m in Sources */ = {isa = PBXBuildFile; fileRef = B472B2DC1D2284B000A8A16C /* View+MASAdditions.m */; };
		B472B2EB1D2284B000A8A16C /* ViewController+MASAdditions.m in Sources */ = {isa = PBXBuildFile; fileRef = B472B2DF1D2284B000A8A16C /* ViewController+MASAdditions.m */; };
		B472B2EC1D2284B000A8A16C /* README.md in Sources */ = {isa = PBXBuildFile; fileRef = B472B2E01D2284B000A8A16C /* README.md */; };
		B47DE17B1D212A4400B0D431 /* main.m in Sources */ = {isa = PBXBuildFile; fileRef = B47DE17A1D212A4400B0D431 /* main.m */; };
		B47DE17E1D212A4400B0D431 /* AppDelegate.m in Sources */ = {isa = PBXBuildFile; fileRef = B47DE17D1D212A4400B0D431 /* AppDelegate.m */; };
		B47DE1841D212A4400B0D431 /* Main.storyboard in Resources */ = {isa = PBXBuildFile; fileRef = B47DE1821D212A4400B0D431 /* Main.storyboard */; };
		B47DE1861D212A4400B0D431 /* Assets.xcassets in Resources */ = {isa = PBXBuildFile; fileRef = B47DE1851D212A4400B0D431 /* Assets.xcassets */; };
		B47DE1891D212A4400B0D431 /* LaunchScreen.storyboard in Resources */ = {isa = PBXBuildFile; fileRef = B47DE1871D212A4400B0D431 /* LaunchScreen.storyboard */; };
		B47DE1941D212A4400B0D431 /* MovieMerageAddEffectTests.m in Sources */ = {isa = PBXBuildFile; fileRef = B47DE1931D212A4400B0D431 /* MovieMerageAddEffectTests.m */; };
		B47DE19F1D212A4400B0D431 /* MovieMerageAddEffectUITests.m in Sources */ = {isa = PBXBuildFile; fileRef = B47DE19E1D212A4400B0D431 /* MovieMerageAddEffectUITests.m */; };
		B47DE1AE1D212ABA00B0D431 /* ViewController.m in Sources */ = {isa = PBXBuildFile; fileRef = B47DE1AD1D212ABA00B0D431 /* ViewController.m */; };
/* End PBXBuildFile section */

/* Begin PBXContainerItemProxy section */
		B47DE1901D212A4400B0D431 /* PBXContainerItemProxy */ = {
			isa = PBXContainerItemProxy;
			containerPortal = B47DE16E1D212A4300B0D431 /* Project object */;
			proxyType = 1;
			remoteGlobalIDString = B47DE1751D212A4400B0D431;
			remoteInfo = MovieMerageAddEffect;
		};
		B47DE19B1D212A4400B0D431 /* PBXContainerItemProxy */ = {
			isa = PBXContainerItemProxy;
			containerPortal = B47DE16E1D212A4300B0D431 /* Project object */;
			proxyType = 1;
			remoteGlobalIDString = B47DE1751D212A4400B0D431;
			remoteInfo = MovieMerageAddEffect;
		};
/* End PBXContainerItemProxy section */

/* Begin PBXFileReference section */
		B44AD80B1D251EFA00FE0CDA /* 6.mp4 */ = {isa = PBXFileReference; lastKnownFileType = file; path = 6.mp4; sourceTree = "<group>"; };
		B44AD80C1D251EFA00FE0CDA /* 8.mp4 */ = {isa = PBXFileReference; lastKnownFileType = file; path = 8.mp4; sourceTree = "<group>"; };
		B44AD80D1D251EFA00FE0CDA /* 9.mp4 */ = {isa = PBXFileReference; lastKnownFileType = file; path = 9.mp4; sourceTree = "<group>"; };
		B44AD8111D25219300FE0CDA /* music.mp3 */ = {isa = PBXFileReference; lastKnownFileType = audio.mp3; path = music.mp3; sourceTree = "<group>"; };
		B472B2A11D2214E500A8A16C /* Charlie's Whistle.mp3 */ = {isa = PBXFileReference; lastKnownFileType = audio.mp3; path = "Charlie's Whistle.mp3"; sourceTree = "<group>"; };
		B472B2A21D2214E500A8A16C /* music.plist */ = {isa = PBXFileReference; fileEncoding = 4; lastKnownFileType = text.plist.xml; path = music.plist; sourceTree = "<group>"; };
		B472B2A31D2214E500A8A16C /* mvlist */ = {isa = PBXFileReference; lastKnownFileType = file; path = mvlist; sourceTree = "<group>"; };
		B472B2A41D2214E500A8A16C /* qiege_back.png */ = {isa = PBXFileReference; lastKnownFileType = image.png; path = qiege_back.png; sourceTree = "<group>"; };
		B472B2A51D2214E500A8A16C /* qiege_huicen.mp4 */ = {isa = PBXFileReference; lastKnownFileType = file; path = qiege_huicen.mp4; sourceTree = "<group>"; };
		B472B2A61D2214E500A8A16C /* qiege_pianwei.mp4 */ = {isa = PBXFileReference; lastKnownFileType = file; path = qiege_pianwei.mp4; sourceTree = "<group>"; };
		B472B2A71D2214E500A8A16C /* qiege_pianweien.mp4 */ = {isa = PBXFileReference; lastKnownFileType = file; path = qiege_pianweien.mp4; sourceTree = "<group>"; };
		B472B2A81D2214E500A8A16C /* qiege_yinying.png */ = {isa = PBXFileReference; lastKnownFileType = image.png; path = qiege_yinying.png; sourceTree = "<group>"; };
		B472B2A91D2214E500A8A16C /* qiegeLut.png */ = {isa = PBXFileReference; lastKnownFileType = image.png; path = qiegeLut.png; sourceTree = "<group>"; };
		B472B2AA1D2214E500A8A16C /* ShaLaLa.mp3 */ = {isa = PBXFileReference; lastKnownFileType = audio.mp3; path = ShaLaLa.mp3; sourceTree = "<group>"; };
		B472B2AB1D2214E500A8A16C /* Twenty Three.mp3 */ = {isa = PBXFileReference; lastKnownFileType = audio.mp3; path = "Twenty Three.mp3"; sourceTree = "<group>"; };
		B472B2AC1D2214E500A8A16C /* xiaochenai.png */ = {isa = PBXFileReference; lastKnownFileType = image.png; path = xiaochenai.png; sourceTree = "<group>"; };
		B472B2AD1D2214E500A8A16C /* 童玩.mp3 */ = {isa = PBXFileReference; lastKnownFileType = audio.mp3; path = "童玩.mp3"; sourceTree = "<group>"; };
		B472B2BB1D227E1900A8A16C /* YiPlayer.h */ = {isa = PBXFileReference; fileEncoding = 4; lastKnownFileType = sourcecode.c.h; path = YiPlayer.h; sourceTree = "<group>"; };
		B472B2BC1D227E1900A8A16C /* YiPlayer.m */ = {isa = PBXFileReference; fileEncoding = 4; lastKnownFileType = sourcecode.c.objc; path = YiPlayer.m; sourceTree = "<group>"; };
		B472B2BF1D2283AA00A8A16C /* WMPlayer.bundle */ = {isa = PBXFileReference; lastKnownFileType = "wrapper.plug-in"; path = WMPlayer.bundle; sourceTree = "<group>"; };
		B472B2C01D2283AA00A8A16C /* WMPlayer.h */ = {isa = PBXFileReference; fileEncoding = 4; lastKnownFileType = sourcecode.c.h; path = WMPlayer.h; sourceTree = "<group>"; };
		B472B2C11D2283AA00A8A16C /* WMPlayer.m */ = {isa = PBXFileReference; fileEncoding = 4; lastKnownFileType = sourcecode.c.objc; path = WMPlayer.m; sourceTree = "<group>"; };
		B472B2C51D2284B000A8A16C /* LICENSE */ = {isa = PBXFileReference; fileEncoding = 4; lastKnownFileType = text; path = LICENSE; sourceTree = "<group>"; };
		B472B2C71D2284B000A8A16C /* MASCompositeConstraint.h */ = {isa = PBXFileReference; fileEncoding = 4; lastKnownFileType = sourcecode.c.h; path = MASCompositeConstraint.h; sourceTree = "<group>"; };
		B472B2C81D2284B000A8A16C /* MASCompositeConstraint.m */ = {isa = PBXFileReference; fileEncoding = 4; lastKnownFileType = sourcecode.c.objc; path = MASCompositeConstraint.m; sourceTree = "<group>"; };
		B472B2C91D2284B000A8A16C /* MASConstraint+Private.h */ = {isa = PBXFileReference; fileEncoding = 4; lastKnownFileType = sourcecode.c.h; path = "MASConstraint+Private.h"; sourceTree = "<group>"; };
		B472B2CA1D2284B000A8A16C /* MASConstraint.h */ = {isa = PBXFileReference; fileEncoding = 4; lastKnownFileType = sourcecode.c.h; path = MASConstraint.h; sourceTree = "<group>"; };
		B472B2CB1D2284B000A8A16C /* MASConstraint.m */ = {isa = PBXFileReference; fileEncoding = 4; lastKnownFileType = sourcecode.c.objc; path = MASConstraint.m; sourceTree = "<group>"; };
		B472B2CC1D2284B000A8A16C /* MASConstraintMaker.h */ = {isa = PBXFileReference; fileEncoding = 4; lastKnownFileType = sourcecode.c.h; path = MASConstraintMaker.h; sourceTree = "<group>"; };
		B472B2CD1D2284B000A8A16C /* MASConstraintMaker.m */ = {isa = PBXFileReference; fileEncoding = 4; lastKnownFileType = sourcecode.c.objc; path = MASConstraintMaker.m; sourceTree = "<group>"; };
		B472B2CE1D2284B000A8A16C /* MASLayoutConstraint.h */ = {isa = PBXFileReference; fileEncoding = 4; lastKnownFileType = sourcecode.c.h; path = MASLayoutConstraint.h; sourceTree = "<group>"; };
		B472B2CF1D2284B000A8A16C /* MASLayoutConstraint.m */ = {isa = PBXFileReference; fileEncoding = 4; lastKnownFileType = sourcecode.c.objc; path = MASLayoutConstraint.m; sourceTree = "<group>"; };
		B472B2D01D2284B000A8A16C /* Masonry.h */ = {isa = PBXFileReference; fileEncoding = 4; lastKnownFileType = sourcecode.c.h; path = Masonry.h; sourceTree = "<group>"; };
		B472B2D11D2284B000A8A16C /* MASUtilities.h */ = {isa = PBXFileReference; fileEncoding = 4; lastKnownFileType = sourcecode.c.h; path = MASUtilities.h; sourceTree = "<group>"; };
		B472B2D21D2284B000A8A16C /* MASViewAttribute.h */ = {isa = PBXFileReference; fileEncoding = 4; lastKnownFileType = sourcecode.c.h; path = MASViewAttribute.h; sourceTree = "<group>"; };
		B472B2D31D2284B000A8A16C /* MASViewAttribute.m */ = {isa = PBXFileReference; fileEncoding = 4; lastKnownFileType = sourcecode.c.objc; path = MASViewAttribute.m; sourceTree = "<group>"; };
		B472B2D41D2284B000A8A16C /* MASViewConstraint.h */ = {isa = PBXFileReference; fileEncoding = 4; lastKnownFileType = sourcecode.c.h; path = MASViewConstraint.h; sourceTree = "<group>"; };
		B472B2D51D2284B000A8A16C /* MASViewConstraint.m */ = {isa = PBXFileReference; fileEncoding = 4; lastKnownFileType = sourcecode.c.objc; path = MASViewConstraint.m; sourceTree = "<group>"; };
		B472B2D61D2284B000A8A16C /* NSArray+MASAdditions.h */ = {isa = PBXFileReference; fileEncoding = 4; lastKnownFileType = sourcecode.c.h; path = "NSArray+MASAdditions.h"; sourceTree = "<group>"; };
		B472B2D71D2284B000A8A16C /* NSArray+MASAdditions.m */ = {isa = PBXFileReference; fileEncoding = 4; lastKnownFileType = sourcecode.c.objc; path = "NSArray+MASAdditions.m"; sourceTree = "<group>"; };
		B472B2D81D2284B000A8A16C /* NSArray+MASShorthandAdditions.h */ = {isa = PBXFileReference; fileEncoding = 4; lastKnownFileType = sourcecode.c.h; path = "NSArray+MASShorthandAdditions.h"; sourceTree = "<group>"; };
		B472B2D91D2284B000A8A16C /* NSLayoutConstraint+MASDebugAdditions.h */ = {isa = PBXFileReference; fileEncoding = 4; lastKnownFileType = sourcecode.c.h; path = "NSLayoutConstraint+MASDebugAdditions.h"; sourceTree = "<group>"; };
		B472B2DA1D2284B000A8A16C /* NSLayoutConstraint+MASDebugAdditions.m */ = {isa = PBXFileReference; fileEncoding = 4; lastKnownFileType = sourcecode.c.objc; path = "NSLayoutConstraint+MASDebugAdditions.m"; sourceTree = "<group>"; };
		B472B2DB1D2284B000A8A16C /* View+MASAdditions.h */ = {isa = PBXFileReference; fileEncoding = 4; lastKnownFileType = sourcecode.c.h; path = "View+MASAdditions.h"; sourceTree = "<group>"; };
		B472B2DC1D2284B000A8A16C /* View+MASAdditions.m */ = {isa = PBXFileReference; fileEncoding = 4; lastKnownFileType = sourcecode.c.objc; path = "View+MASAdditions.m"; sourceTree = "<group>"; };
		B472B2DD1D2284B000A8A16C /* View+MASShorthandAdditions.h */ = {isa = PBXFileReference; fileEncoding = 4; lastKnownFileType = sourcecode.c.h; path = "View+MASShorthandAdditions.h"; sourceTree = "<group>"; };
		B472B2DE1D2284B000A8A16C /* ViewController+MASAdditions.h */ = {isa = PBXFileReference; fileEncoding = 4; lastKnownFileType = sourcecode.c.h; path = "ViewController+MASAdditions.h"; sourceTree = "<group>"; };
		B472B2DF1D2284B000A8A16C /* ViewController+MASAdditions.m */ = {isa = PBXFileReference; fileEncoding = 4; lastKnownFileType = sourcecode.c.objc; path = "ViewController+MASAdditions.m"; sourceTree = "<group>"; };
		B472B2E01D2284B000A8A16C /* README.md */ = {isa = PBXFileReference; fileEncoding = 4; lastKnownFileType = net.daringfireball.markdown; path = README.md; sourceTree = "<group>"; };
		B47DE1761D212A4400B0D431 /* MovieMerageAddEffect.app */ = {isa = PBXFileReference; explicitFileType = wrapper.application; includeInIndex = 0; path = MovieMerageAddEffect.app; sourceTree = BUILT_PRODUCTS_DIR; };
		B47DE17A1D212A4400B0D431 /* main.m */ = {isa = PBXFileReference; lastKnownFileType = sourcecode.c.objc; path = main.m; sourceTree = "<group>"; };
		B47DE17C1D212A4400B0D431 /* AppDelegate.h */ = {isa = PBXFileReference; lastKnownFileType = sourcecode.c.h; path = AppDelegate.h; sourceTree = "<group>"; };
		B47DE17D1D212A4400B0D431 /* AppDelegate.m */ = {isa = PBXFileReference; lastKnownFileType = sourcecode.c.objc; path = AppDelegate.m; sourceTree = "<group>"; };
		B47DE1831D212A4400B0D431 /* Base */ = {isa = PBXFileReference; lastKnownFileType = file.storyboard; name = Base; path = Base.lproj/Main.storyboard; sourceTree = "<group>"; };
		B47DE1851D212A4400B0D431 /* Assets.xcassets */ = {isa = PBXFileReference; lastKnownFileType = folder.assetcatalog; path = Assets.xcassets; sourceTree = "<group>"; };
		B47DE1881D212A4400B0D431 /* Base */ = {isa = PBXFileReference; lastKnownFileType = file.storyboard; name = Base; path = Base.lproj/LaunchScreen.storyboard; sourceTree = "<group>"; };
		B47DE18A1D212A4400B0D431 /* Info.plist */ = {isa = PBXFileReference; lastKnownFileType = text.plist.xml; path = Info.plist; sourceTree = "<group>"; };
		B47DE18F1D212A4400B0D431 /* MovieMerageAddEffectTests.xctest */ = {isa = PBXFileReference; explicitFileType = wrapper.cfbundle; includeInIndex = 0; path = MovieMerageAddEffectTests.xctest; sourceTree = BUILT_PRODUCTS_DIR; };
		B47DE1931D212A4400B0D431 /* MovieMerageAddEffectTests.m */ = {isa = PBXFileReference; lastKnownFileType = sourcecode.c.objc; path = MovieMerageAddEffectTests.m; sourceTree = "<group>"; };
		B47DE1951D212A4400B0D431 /* Info.plist */ = {isa = PBXFileReference; lastKnownFileType = text.plist.xml; path = Info.plist; sourceTree = "<group>"; };
		B47DE19A1D212A4400B0D431 /* MovieMerageAddEffectUITests.xctest */ = {isa = PBXFileReference; explicitFileType = wrapper.cfbundle; includeInIndex = 0; path = MovieMerageAddEffectUITests.xctest; sourceTree = BUILT_PRODUCTS_DIR; };
		B47DE19E1D212A4400B0D431 /* MovieMerageAddEffectUITests.m */ = {isa = PBXFileReference; lastKnownFileType = sourcecode.c.objc; path = MovieMerageAddEffectUITests.m; sourceTree = "<group>"; };
		B47DE1A01D212A4400B0D431 /* Info.plist */ = {isa = PBXFileReference; lastKnownFileType = text.plist.xml; path = Info.plist; sourceTree = "<group>"; };
		B47DE1AC1D212ABA00B0D431 /* ViewController.h */ = {isa = PBXFileReference; fileEncoding = 4; lastKnownFileType = sourcecode.c.h; path = ViewController.h; sourceTree = "<group>"; };
		B47DE1AD1D212ABA00B0D431 /* ViewController.m */ = {isa = PBXFileReference; fileEncoding = 4; lastKnownFileType = sourcecode.c.objc; path = ViewController.m; sourceTree = "<group>"; };
		B47DE1AF1D212ACC00B0D431 /* 1.mp4 */ = {isa = PBXFileReference; lastKnownFileType = file; path = 1.mp4; sourceTree = "<group>"; };
		B47DE1B01D212ACC00B0D431 /* 2.mp4 */ = {isa = PBXFileReference; lastKnownFileType = file; path = 2.mp4; sourceTree = "<group>"; };
		B47DE1B11D212ACC00B0D431 /* cc.mp4 */ = {isa = PBXFileReference; lastKnownFileType = file; path = cc.mp4; sourceTree = "<group>"; };
		B47DE1B21D212ACC00B0D431 /* xx.mp4 */ = {isa = PBXFileReference; lastKnownFileType = file; path = xx.mp4; sourceTree = "<group>"; };
/* End PBXFileReference section */

/* Begin PBXFrameworksBuildPhase section */
		B47DE1731D212A4400B0D431 /* Frameworks */ = {
			isa = PBXFrameworksBuildPhase;
			buildActionMask = 2147483647;
			files = (
			);
			runOnlyForDeploymentPostprocessing = 0;
		};
		B47DE18C1D212A4400B0D431 /* Frameworks */ = {
			isa = PBXFrameworksBuildPhase;
			buildActionMask = 2147483647;
			files = (
			);
			runOnlyForDeploymentPostprocessing = 0;
		};
		B47DE1971D212A4400B0D431 /* Frameworks */ = {
			isa = PBXFrameworksBuildPhase;
			buildActionMask = 2147483647;
			files = (
			);
			runOnlyForDeploymentPostprocessing = 0;
		};
/* End PBXFrameworksBuildPhase section */

/* Begin PBXGroup section */
		B472B2A01D2214E500A8A16C /* 美拍MV包 */ = {
			isa = PBXGroup;
			children = (
				B472B2A11D2214E500A8A16C /* Charlie's Whistle.mp3 */,
				B472B2A21D2214E500A8A16C /* music.plist */,
				B472B2A31D2214E500A8A16C /* mvlist */,
				B472B2A41D2214E500A8A16C /* qiege_back.png */,
				B472B2A51D2214E500A8A16C /* qiege_huicen.mp4 */,
				B472B2A61D2214E500A8A16C /* qiege_pianwei.mp4 */,
				B472B2A71D2214E500A8A16C /* qiege_pianweien.mp4 */,
				B472B2A81D2214E500A8A16C /* qiege_yinying.png */,
				B472B2A91D2214E500A8A16C /* qiegeLut.png */,
				B472B2AA1D2214E500A8A16C /* ShaLaLa.mp3 */,
				B472B2AB1D2214E500A8A16C /* Twenty Three.mp3 */,
				B472B2AC1D2214E500A8A16C /* xiaochenai.png */,
				B472B2AD1D2214E500A8A16C /* 童玩.mp3 */,
				B44AD8111D25219300FE0CDA /* music.mp3 */,
			);
			path = "美拍MV包";
			sourceTree = "<group>";
		};
		B472B2BE1D2283AA00A8A16C /* WMPlayer */ = {
			isa = PBXGroup;
			children = (
				B472B2BF1D2283AA00A8A16C /* WMPlayer.bundle */,
				B472B2C01D2283AA00A8A16C /* WMPlayer.h */,
				B472B2C11D2283AA00A8A16C /* WMPlayer.m */,
			);
			path = WMPlayer;
			sourceTree = "<group>";
		};
		B472B2C41D2284B000A8A16C /* Masonry */ = {
			isa = PBXGroup;
			children = (
				B472B2C51D2284B000A8A16C /* LICENSE */,
				B472B2C61D2284B000A8A16C /* Masonry */,
				B472B2E01D2284B000A8A16C /* README.md */,
			);
			path = Masonry;
			sourceTree = "<group>";
		};
		B472B2C61D2284B000A8A16C /* Masonry */ = {
			isa = PBXGroup;
			children = (
				B472B2C71D2284B000A8A16C /* MASCompositeConstraint.h */,
				B472B2C81D2284B000A8A16C /* MASCompositeConstraint.m */,
				B472B2C91D2284B000A8A16C /* MASConstraint+Private.h */,
				B472B2CA1D2284B000A8A16C /* MASConstraint.h */,
				B472B2CB1D2284B000A8A16C /* MASConstraint.m */,
				B472B2CC1D2284B000A8A16C /* MASConstraintMaker.h */,
				B472B2CD1D2284B000A8A16C /* MASConstraintMaker.m */,
				B472B2CE1D2284B000A8A16C /* MASLayoutConstraint.h */,
				B472B2CF1D2284B000A8A16C /* MASLayoutConstraint.m */,
				B472B2D01D2284B000A8A16C /* Masonry.h */,
				B472B2D11D2284B000A8A16C /* MASUtilities.h */,
				B472B2D21D2284B000A8A16C /* MASViewAttribute.h */,
				B472B2D31D2284B000A8A16C /* MASViewAttribute.m */,
				B472B2D41D2284B000A8A16C /* MASViewConstraint.h */,
				B472B2D51D2284B000A8A16C /* MASViewConstraint.m */,
				B472B2D61D2284B000A8A16C /* NSArray+MASAdditions.h */,
				B472B2D71D2284B000A8A16C /* NSArray+MASAdditions.m */,
				B472B2D81D2284B000A8A16C /* NSArray+MASShorthandAdditions.h */,
				B472B2D91D2284B000A8A16C /* NSLayoutConstraint+MASDebugAdditions.h */,
				B472B2DA1D2284B000A8A16C /* NSLayoutConstraint+MASDebugAdditions.m */,
				B472B2DB1D2284B000A8A16C /* View+MASAdditions.h */,
				B472B2DC1D2284B000A8A16C /* View+MASAdditions.m */,
				B472B2DD1D2284B000A8A16C /* View+MASShorthandAdditions.h */,
				B472B2DE1D2284B000A8A16C /* ViewController+MASAdditions.h */,
				B472B2DF1D2284B000A8A16C /* ViewController+MASAdditions.m */,
			);
			path = Masonry;
			sourceTree = "<group>";
		};
		B47DE16D1D212A4300B0D431 = {
			isa = PBXGroup;
			children = (
				B47DE1781D212A4400B0D431 /* MovieMerageAddEffect */,
				B47DE1921D212A4400B0D431 /* MovieMerageAddEffectTests */,
				B47DE19D1D212A4400B0D431 /* MovieMerageAddEffectUITests */,
				B47DE1771D212A4400B0D431 /* Products */,
			);
			sourceTree = "<group>";
		};
		B47DE1771D212A4400B0D431 /* Products */ = {
			isa = PBXGroup;
			children = (
				B47DE1761D212A4400B0D431 /* MovieMerageAddEffect.app */,
				B47DE18F1D212A4400B0D431 /* MovieMerageAddEffectTests.xctest */,
				B47DE19A1D212A4400B0D431 /* MovieMerageAddEffectUITests.xctest */,
			);
			name = Products;
			sourceTree = "<group>";
		};
		B47DE1781D212A4400B0D431 /* MovieMerageAddEffect */ = {
			isa = PBXGroup;
			children = (
				B472B2C41D2284B000A8A16C /* Masonry */,
				B472B2BE1D2283AA00A8A16C /* WMPlayer */,
				B47DE17C1D212A4400B0D431 /* AppDelegate.h */,
				B47DE17D1D212A4400B0D431 /* AppDelegate.m */,
				B47DE1AC1D212ABA00B0D431 /* ViewController.h */,
				B47DE1AD1D212ABA00B0D431 /* ViewController.m */,
				B472B2BB1D227E1900A8A16C /* YiPlayer.h */,
				B472B2BC1D227E1900A8A16C /* YiPlayer.m */,
				B47DE1821D212A4400B0D431 /* Main.storyboard */,
				B47DE1851D212A4400B0D431 /* Assets.xcassets */,
				B472B2A01D2214E500A8A16C /* 美拍MV包 */,
				B47DE1B31D212ADC00B0D431 /* resource */,
				B47DE1871D212A4400B0D431 /* LaunchScreen.storyboard */,
				B47DE18A1D212A4400B0D431 /* Info.plist */,
				B47DE1791D212A4400B0D431 /* Supporting Files */,
			);
			path = MovieMerageAddEffect;
			sourceTree = "<group>";
		};
		B47DE1791D212A4400B0D431 /* Supporting Files */ = {
			isa = PBXGroup;
			children = (
				B47DE17A1D212A4400B0D431 /* main.m */,
			);
			name = "Supporting Files";
			sourceTree = "<group>";
		};
		B47DE1921D212A4400B0D431 /* MovieMerageAddEffectTests */ = {
			isa = PBXGroup;
			children = (
				B47DE1931D212A4400B0D431 /* MovieMerageAddEffectTests.m */,
				B47DE1951D212A4400B0D431 /* Info.plist */,
			);
			path = MovieMerageAddEffectTests;
			sourceTree = "<group>";
		};
		B47DE19D1D212A4400B0D431 /* MovieMerageAddEffectUITests */ = {
			isa = PBXGroup;
			children = (
				B47DE19E1D212A4400B0D431 /* MovieMerageAddEffectUITests.m */,
				B47DE1A01D212A4400B0D431 /* Info.plist */,
			);
			path = MovieMerageAddEffectUITests;
			sourceTree = "<group>";
		};
		B47DE1B31D212ADC00B0D431 /* resource */ = {
			isa = PBXGroup;
			children = (
				B47DE1AF1D212ACC00B0D431 /* 1.mp4 */,
				B47DE1B01D212ACC00B0D431 /* 2.mp4 */,
				B47DE1B11D212ACC00B0D431 /* cc.mp4 */,
				B47DE1B21D212ACC00B0D431 /* xx.mp4 */,
				B44AD80B1D251EFA00FE0CDA /* 6.mp4 */,
				B44AD80C1D251EFA00FE0CDA /* 8.mp4 */,
				B44AD80D1D251EFA00FE0CDA /* 9.mp4 */,
			);
			name = resource;
			sourceTree = "<group>";
		};
/* End PBXGroup section */

/* Begin PBXNativeTarget section */
		B47DE1751D212A4400B0D431 /* MovieMerageAddEffect */ = {
			isa = PBXNativeTarget;
			buildConfigurationList = B47DE1A31D212A4400B0D431 /* Build configuration list for PBXNativeTarget "MovieMerageAddEffect" */;
			buildPhases = (
				B47DE1721D212A4400B0D431 /* Sources */,
				B47DE1731D212A4400B0D431 /* Frameworks */,
				B47DE1741D212A4400B0D431 /* Resources */,
			);
			buildRules = (
			);
			dependencies = (
			);
			name = MovieMerageAddEffect;
			productName = MovieMerageAddEffect;
			productReference = B47DE1761D212A4400B0D431 /* MovieMerageAddEffect.app */;
			productType = "com.apple.product-type.application";
		};
		B47DE18E1D212A4400B0D431 /* MovieMerageAddEffectTests */ = {
			isa = PBXNativeTarget;
			buildConfigurationList = B47DE1A61D212A4400B0D431 /* Build configuration list for PBXNativeTarget "MovieMerageAddEffectTests" */;
			buildPhases = (
				B47DE18B1D212A4400B0D431 /* Sources */,
				B47DE18C1D212A4400B0D431 /* Frameworks */,
				B47DE18D1D212A4400B0D431 /* Resources */,
			);
			buildRules = (
			);
			dependencies = (
				B47DE1911D212A4400B0D431 /* PBXTargetDependency */,
			);
			name = MovieMerageAddEffectTests;
			productName = MovieMerageAddEffectTests;
			productReference = B47DE18F1D212A4400B0D431 /* MovieMerageAddEffectTests.xctest */;
			productType = "com.apple.product-type.bundle.unit-test";
		};
		B47DE1991D212A4400B0D431 /* MovieMerageAddEffectUITests */ = {
			isa = PBXNativeTarget;
			buildConfigurationList = B47DE1A91D212A4400B0D431 /* Build configuration list for PBXNativeTarget "MovieMerageAddEffectUITests" */;
			buildPhases = (
				B47DE1961D212A4400B0D431 /* Sources */,
				B47DE1971D212A4400B0D431 /* Frameworks */,
				B47DE1981D212A4400B0D431 /* Resources */,
			);
			buildRules = (
			);
			dependencies = (
				B47DE19C1D212A4400B0D431 /* PBXTargetDependency */,
			);
			name = MovieMerageAddEffectUITests;
			productName = MovieMerageAddEffectUITests;
			productReference = B47DE19A1D212A4400B0D431 /* MovieMerageAddEffectUITests.xctest */;
			productType = "com.apple.product-type.bundle.ui-testing";
		};
/* End PBXNativeTarget section */

/* Begin PBXProject section */
		B47DE16E1D212A4300B0D431 /* Project object */ = {
			isa = PBXProject;
			attributes = {
				LastUpgradeCheck = 0730;
				ORGANIZATIONNAME = "macro macro";
				TargetAttributes = {
					B47DE1751D212A4400B0D431 = {
						CreatedOnToolsVersion = 7.3.1;
						DevelopmentTeam = Y5EFP237MC;
					};
					B47DE18E1D212A4400B0D431 = {
						CreatedOnToolsVersion = 7.3.1;
						TestTargetID = B47DE1751D212A4400B0D431;
					};
					B47DE1991D212A4400B0D431 = {
						CreatedOnToolsVersion = 7.3.1;
						TestTargetID = B47DE1751D212A4400B0D431;
					};
				};
			};
			buildConfigurationList = B47DE1711D212A4300B0D431 /* Build configuration list for PBXProject "MovieMerageAddEffect" */;
			compatibilityVersion = "Xcode 3.2";
			developmentRegion = English;
			hasScannedForEncodings = 0;
			knownRegions = (
				en,
				Base,
			);
			mainGroup = B47DE16D1D212A4300B0D431;
			productRefGroup = B47DE1771D212A4400B0D431 /* Products */;
			projectDirPath = "";
			projectRoot = "";
			targets = (
				B47DE1751D212A4400B0D431 /* MovieMerageAddEffect */,
				B47DE18E1D212A4400B0D431 /* MovieMerageAddEffectTests */,
				B47DE1991D212A4400B0D431 /* MovieMerageAddEffectUITests */,
			);
		};
/* End PBXProject section */

/* Begin PBXResourcesBuildPhase section */
		B47DE1741D212A4400B0D431 /* Resources */ = {
			isa = PBXResourcesBuildPhase;
			buildActionMask = 2147483647;
			files = (
				B472B29C1D22100200A8A16C /* 1.mp4 in Resources */,
				B472B29D1D22100200A8A16C /* 2.mp4 in Resources */,
				B472B2AF1D2214E500A8A16C /* music.plist in Resources */,
				B472B2B91D2214E500A8A16C /* xiaochenai.png in Resources */,
				B472B29E1D22100200A8A16C /* cc.mp4 in Resources */,
				B472B2B11D2214E500A8A16C /* qiege_back.png in Resources */,
				B472B29F1D22100200A8A16C /* xx.mp4 in Resources */,
				B472B2B41D2214E500A8A16C /* qiege_pianweien.mp4 in Resources */,
				B44AD8121D25219300FE0CDA /* music.mp3 in Resources */,
				B472B2B81D2214E500A8A16C /* Twenty Three.mp3 in Resources */,
				B472B2B01D2214E500A8A16C /* mvlist in Resources */,
				B472B2BA1D2214E500A8A16C /* 童玩.mp3 in Resources */,
				B472B2B31D2214E500A8A16C /* qiege_pianwei.mp4 in Resources */,
				B44AD80F1D251EFA00FE0CDA /* 8.mp4 in Resources */,
				B47DE1891D212A4400B0D431 /* LaunchScreen.storyboard in Resources */,
				B472B2C21D2283AA00A8A16C /* WMPlayer.bundle in Resources */,
				B472B2B51D2214E500A8A16C /* qiege_yinying.png in Resources */,
				B472B2AE1D2214E500A8A16C /* Charlie's Whistle.mp3 in Resources */,
				B472B2E11D2284B000A8A16C /* LICENSE in Resources */,
				B472B2B21D2214E500A8A16C /* qiege_huicen.mp4 in Resources */,
				B47DE1861D212A4400B0D431 /* Assets.xcassets in Resources */,
				B44AD80E1D251EFA00FE0CDA /* 6.mp4 in Resources */,
				B44AD8101D251EFA00FE0CDA /* 9.mp4 in Resources */,
				B47DE1841D212A4400B0D431 /* Main.storyboard in Resources */,
				B472B2B61D2214E500A8A16C /* qiegeLut.png in Resources */,
				B472B2B71D2214E500A8A16C /* ShaLaLa.mp3 in Resources */,
			);
			runOnlyForDeploymentPostprocessing = 0;
		};
		B47DE18D1D212A4400B0D431 /* Resources */ = {
			isa = PBXResourcesBuildPhase;
			buildActionMask = 2147483647;
			files = (
			);
			runOnlyForDeploymentPostprocessing = 0;
		};
		B47DE1981D212A4400B0D431 /* Resources */ = {
			isa = PBXResourcesBuildPhase;
			buildActionMask = 2147483647;
			files = (
			);
			runOnlyForDeploymentPostprocessing = 0;
		};
/* End PBXResourcesBuildPhase section */

/* Begin PBXSourcesBuildPhase section */
		B47DE1721D212A4400B0D431 /* Sources */ = {
			isa = PBXSourcesBuildPhase;
			buildActionMask = 2147483647;
			files = (
				B472B2E91D2284B000A8A16C /* NSLayoutConstraint+MASDebugAdditions.m in Sources */,
				B472B2BD1D227E1900A8A16C /* YiPlayer.m in Sources */,
				B472B2E71D2284B000A8A16C /* MASViewConstraint.m in Sources */,
				B472B2C31D2283AA00A8A16C /* WMPlayer.m in Sources */,
				B47DE1AE1D212ABA00B0D431 /* ViewController.m in Sources */,
				B47DE17E1D212A4400B0D431 /* AppDelegate.m in Sources */,
				B472B2EC1D2284B000A8A16C /* README.md in Sources */,
				B472B2EA1D2284B000A8A16C /* View+MASAdditions.m in Sources */,
				B472B2E21D2284B000A8A16C /* MASCompositeConstraint.m in Sources */,
				B472B2E61D2284B000A8A16C /* MASViewAttribute.m in Sources */,
				B472B2E41D2284B000A8A16C /* MASConstraintMaker.m in Sources */,
				B472B2E81D2284B000A8A16C /* NSArray+MASAdditions.m in Sources */,
				B472B2EB1D2284B000A8A16C /* ViewController+MASAdditions.m in Sources */,
				B472B2E31D2284B000A8A16C /* MASConstraint.m in Sources */,
				B472B2E51D2284B000A8A16C /* MASLayoutConstraint.m in Sources */,
				B47DE17B1D212A4400B0D431 /* main.m in Sources */,
			);
			runOnlyForDeploymentPostprocessing = 0;
		};
		B47DE18B1D212A4400B0D431 /* Sources */ = {
			isa = PBXSourcesBuildPhase;
			buildActionMask = 2147483647;
			files = (
				B47DE1941D212A4400B0D431 /* MovieMerageAddEffectTests.m in Sources */,
			);
			runOnlyForDeploymentPostprocessing = 0;
		};
		B47DE1961D212A4400B0D431 /* Sources */ = {
			isa = PBXSourcesBuildPhase;
			buildActionMask = 2147483647;
			files = (
				B47DE19F1D212A4400B0D431 /* MovieMerageAddEffectUITests.m in Sources */,
			);
			runOnlyForDeploymentPostprocessing = 0;
		};
/* End PBXSourcesBuildPhase section */

/* Begin PBXTargetDependency section */
		B47DE1911D212A4400B0D431 /* PBXTargetDependency */ = {
			isa = PBXTargetDependency;
			target = B47DE1751D212A4400B0D431 /* MovieMerageAddEffect */;
			targetProxy = B47DE1901D212A4400B0D431 /* PBXContainerItemProxy */;
		};
		B47DE19C1D212A4400B0D431 /* PBXTargetDependency */ = {
			isa = PBXTargetDependency;
			target = B47DE1751D212A4400B0D431 /* MovieMerageAddEffect */;
			targetProxy = B47DE19B1D212A4400B0D431 /* PBXContainerItemProxy */;
		};
/* End PBXTargetDependency section */

/* Begin PBXVariantGroup section */
		B47DE1821D212A4400B0D431 /* Main.storyboard */ = {
			isa = PBXVariantGroup;
			children = (
				B47DE1831D212A4400B0D431 /* Base */,
			);
			name = Main.storyboard;
			sourceTree = "<group>";
		};
		B47DE1871D212A4400B0D431 /* LaunchScreen.storyboard */ = {
			isa = PBXVariantGroup;
			children = (
				B47DE1881D212A4400B0D431 /* Base */,
			);
			name = LaunchScreen.storyboard;
			sourceTree = "<group>";
		};
/* End PBXVariantGroup section */

/* Begin XCBuildConfiguration section */
		B47DE1A11D212A4400B0D431 /* Debug */ = {
			isa = XCBuildConfiguration;
			buildSettings = {
				ALWAYS_SEARCH_USER_PATHS = NO;
				CLANG_ANALYZER_NONNULL = YES;
				CLANG_CXX_LANGUAGE_STANDARD = "gnu++0x";
				CLANG_CXX_LIBRARY = "libc++";
				CLANG_ENABLE_MODULES = YES;
				CLANG_ENABLE_OBJC_ARC = YES;
				CLANG_WARN_BOOL_CONVERSION = YES;
				CLANG_WARN_CONSTANT_CONVERSION = YES;
				CLANG_WARN_DIRECT_OBJC_ISA_USAGE = YES_ERROR;
				CLANG_WARN_EMPTY_BODY = YES;
				CLANG_WARN_ENUM_CONVERSION = YES;
				CLANG_WARN_INT_CONVERSION = YES;
				CLANG_WARN_OBJC_ROOT_CLASS = YES_ERROR;
				CLANG_WARN_UNREACHABLE_CODE = YES;
				CLANG_WARN__DUPLICATE_METHOD_MATCH = YES;
				"CODE_SIGN_IDENTITY[sdk=iphoneos*]" = "iPhone Developer";
				COPY_PHASE_STRIP = NO;
				DEBUG_INFORMATION_FORMAT = dwarf;
				ENABLE_STRICT_OBJC_MSGSEND = YES;
				ENABLE_TESTABILITY = YES;
				GCC_C_LANGUAGE_STANDARD = gnu99;
				GCC_DYNAMIC_NO_PIC = NO;
				GCC_NO_COMMON_BLOCKS = YES;
				GCC_OPTIMIZATION_LEVEL = 0;
				GCC_PREPROCESSOR_DEFINITIONS = (
					"DEBUG=1",
					"$(inherited)",
				);
				GCC_WARN_64_TO_32_BIT_CONVERSION = YES;
				GCC_WARN_ABOUT_RETURN_TYPE = YES_ERROR;
				GCC_WARN_UNDECLARED_SELECTOR = YES;
				GCC_WARN_UNINITIALIZED_AUTOS = YES_AGGRESSIVE;
				GCC_WARN_UNUSED_FUNCTION = YES;
				GCC_WARN_UNUSED_VARIABLE = YES;
				IPHONEOS_DEPLOYMENT_TARGET = 9.3;
				MTL_ENABLE_DEBUG_INFO = YES;
				ONLY_ACTIVE_ARCH = YES;
				SDKROOT = iphoneos;
				TARGETED_DEVICE_FAMILY = "1,2";
			};
			name = Debug;
		};
		B47DE1A21D212A4400B0D431 /* Release */ = {
			isa = XCBuildConfiguration;
			buildSettings = {
				ALWAYS_SEARCH_USER_PATHS = NO;
				CLANG_ANALYZER_NONNULL = YES;
				CLANG_CXX_LANGUAGE_STANDARD = "gnu++0x";
				CLANG_CXX_LIBRARY = "libc++";
				CLANG_ENABLE_MODULES = YES;
				CLANG_ENABLE_OBJC_ARC = YES;
				CLANG_WARN_BOOL_CONVERSION = YES;
				CLANG_WARN_CONSTANT_CONVERSION = YES;
				CLANG_WARN_DIRECT_OBJC_ISA_USAGE = YES_ERROR;
				CLANG_WARN_EMPTY_BODY = YES;
				CLANG_WARN_ENUM_CONVERSION = YES;
				CLANG_WARN_INT_CONVERSION = YES;
				CLANG_WARN_OBJC_ROOT_CLASS = YES_ERROR;
				CLANG_WARN_UNREACHABLE_CODE = YES;
				CLANG_WARN__DUPLICATE_METHOD_MATCH = YES;
				"CODE_SIGN_IDENTITY[sdk=iphoneos*]" = "iPhone Developer";
				COPY_PHASE_STRIP = NO;
				DEBUG_INFORMATION_FORMAT = "dwarf-with-dsym";
				ENABLE_NS_ASSERTIONS = NO;
				ENABLE_STRICT_OBJC_MSGSEND = YES;
				GCC_C_LANGUAGE_STANDARD = gnu99;
				GCC_NO_COMMON_BLOCKS = YES;
				GCC_WARN_64_TO_32_BIT_CONVERSION = YES;
				GCC_WARN_ABOUT_RETURN_TYPE = YES_ERROR;
				GCC_WARN_UNDECLARED_SELECTOR = YES;
				GCC_WARN_UNINITIALIZED_AUTOS = YES_AGGRESSIVE;
				GCC_WARN_UNUSED_FUNCTION = YES;
				GCC_WARN_UNUSED_VARIABLE = YES;
				IPHONEOS_DEPLOYMENT_TARGET = 9.3;
				MTL_ENABLE_DEBUG_INFO = NO;
				SDKROOT = iphoneos;
				TARGETED_DEVICE_FAMILY = "1,2";
				VALIDATE_PRODUCT = YES;
			};
			name = Release;
		};
		B47DE1A41D212A4400B0D431 /* Debug */ = {
			isa = XCBuildConfiguration;
			buildSettings = {
				ASSETCATALOG_COMPILER_APPICON_NAME = AppIcon;
				CODE_SIGN_IDENTITY = "iPhone Developer";
				"CODE_SIGN_IDENTITY[sdk=iphoneos*]" = "iPhone Developer";
				INFOPLIST_FILE = MovieMerageAddEffect/Info.plist;
				IPHONEOS_DEPLOYMENT_TARGET = 8.0;
				LD_RUNPATH_SEARCH_PATHS = "$(inherited) @executable_path/Frameworks";
				PRODUCT_BUNDLE_IDENTIFIER = macro.MovieMerageAddEffect;
				PRODUCT_NAME = "$(TARGET_NAME)";
				PROVISIONING_PROFILE = "";
			};
			name = Debug;
		};
		B47DE1A51D212A4400B0D431 /* Release */ = {
			isa = XCBuildConfiguration;
			buildSettings = {
				ASSETCATALOG_COMPILER_APPICON_NAME = AppIcon;
				CODE_SIGN_IDENTITY = "iPhone Developer";
				"CODE_SIGN_IDENTITY[sdk=iphoneos*]" = "iPhone Developer";
				INFOPLIST_FILE = MovieMerageAddEffect/Info.plist;
				IPHONEOS_DEPLOYMENT_TARGET = 8.0;
				LD_RUNPATH_SEARCH_PATHS = "$(inherited) @executable_path/Frameworks";
				PRODUCT_BUNDLE_IDENTIFIER = macro.MovieMerageAddEffect;
				PRODUCT_NAME = "$(TARGET_NAME)";
				PROVISIONING_PROFILE = "";
			};
			name = Release;
		};
		B47DE1A71D212A4400B0D431 /* Debug */ = {
			isa = XCBuildConfiguration;
			buildSettings = {
				BUNDLE_LOADER = "$(TEST_HOST)";
				INFOPLIST_FILE = MovieMerageAddEffectTests/Info.plist;
				LD_RUNPATH_SEARCH_PATHS = "$(inherited) @executable_path/Frameworks @loader_path/Frameworks";
				PRODUCT_BUNDLE_IDENTIFIER = macro.MovieMerageAddEffectTests;
				PRODUCT_NAME = "$(TARGET_NAME)";
				TEST_HOST = "$(BUILT_PRODUCTS_DIR)/MovieMerageAddEffect.app/MovieMerageAddEffect";
			};
			name = Debug;
		};
		B47DE1A81D212A4400B0D431 /* Release */ = {
			isa = XCBuildConfiguration;
			buildSettings = {
				BUNDLE_LOADER = "$(TEST_HOST)";
				INFOPLIST_FILE = MovieMerageAddEffectTests/Info.plist;
				LD_RUNPATH_SEARCH_PATHS = "$(inherited) @executable_path/Frameworks @loader_path/Frameworks";
				PRODUCT_BUNDLE_IDENTIFIER = macro.MovieMerageAddEffectTests;
				PRODUCT_NAME = "$(TARGET_NAME)";
				TEST_HOST = "$(BUILT_PRODUCTS_DIR)/MovieMerageAddEffect.app/MovieMerageAddEffect";
			};
			name = Release;
		};
		B47DE1AA1D212A4400B0D431 /* Debug */ = {
			isa = XCBuildConfiguration;
			buildSettings = {
				INFOPLIST_FILE = MovieMerageAddEffectUITests/Info.plist;
				LD_RUNPATH_SEARCH_PATHS = "$(inherited) @executable_path/Frameworks @loader_path/Frameworks";
				PRODUCT_BUNDLE_IDENTIFIER = macro.MovieMerageAddEffectUITests;
				PRODUCT_NAME = "$(TARGET_NAME)";
				TEST_TARGET_NAME = MovieMerageAddEffect;
			};
			name = Debug;
		};
		B47DE1AB1D212A4400B0D431 /* Release */ = {
			isa = XCBuildConfiguration;
			buildSettings = {
				INFOPLIST_FILE = MovieMerageAddEffectUITests/Info.plist;
				LD_RUNPATH_SEARCH_PATHS = "$(inherited) @executable_path/Frameworks @loader_path/Frameworks";
				PRODUCT_BUNDLE_IDENTIFIER = macro.MovieMerageAddEffectUITests;
				PRODUCT_NAME = "$(TARGET_NAME)";
				TEST_TARGET_NAME = MovieMerageAddEffect;
			};
			name = Release;
		};
/* End XCBuildConfiguration section */

/* Begin XCConfigurationList section */
		B47DE1711D212A4300B0D431 /* Build configuration list for PBXProject "MovieMerageAddEffect" */ = {
			isa = XCConfigurationList;
			buildConfigurations = (
				B47DE1A11D212A4400B0D431 /* Debug */,
				B47DE1A21D212A4400B0D431 /* Release */,
			);
			defaultConfigurationIsVisible = 0;
			defaultConfigurationName = Release;
		};
		B47DE1A31D212A4400B0D431 /* Build configuration list for PBXNativeTarget "MovieMerageAddEffect" */ = {
			isa = XCConfigurationList;
			buildConfigurations = (
				B47DE1A41D212A4400B0D431 /* Debug */,
				B47DE1A51D212A4400B0D431 /* Release */,
			);
			defaultConfigurationIsVisible = 0;
			defaultConfigurationName = Release;
		};
		B47DE1A61D212A4400B0D431 /* Build configuration list for PBXNativeTarget "MovieMerageAddEffectTests" */ = {
			isa = XCConfigurationList;
			buildConfigurations = (
				B47DE1A71D212A4400B0D431 /* Debug */,
				B47DE1A81D212A4400B0D431 /* Release */,
			);
			defaultConfigurationIsVisible = 0;
			defaultConfigurationName = Release;
		};
		B47DE1A91D212A4400B0D431 /* Build configuration list for PBXNativeTarget "MovieMerageAddEffectUITests" */ = {
			isa = XCConfigurationList;
			buildConfigurations = (
				B47DE1AA1D212A4400B0D431 /* Debug */,
				B47DE1AB1D212A4400B0D431 /* Release */,
			);
			defaultConfigurationIsVisible = 0;
			defaultConfigurationName = Release;
		};
/* End XCConfigurationList section */
	};
	rootObject = B47DE16E1D212A4300B0D431 /* Project object */;
}
